# Code generated by scarb DO NOT EDIT.
version = 1

[[package]]
name = "counter"
version = "0.1.0"
dependencies = [
 "kill_switch",
 "snforge_std",
]

[[package]]
name = "kill_switch"
version = "0.1.0"
source = "git+https://github.com/starknet-edu/kill-switch.git#496ac3024ddf93a85c9caf81dced69e0193efef8"

[[package]]
name = "snforge_std"
version = "0.20.0"
source = "git+https://github.com/foundry-rs/starknet-foundry.git?tag=v0.20.0#423eecf7847469e353258321274394b9155d24eb"
